
Microsoft Visual Studio Solution File, Format Version 12.00
# Visual Studio 2013
VisualStudioVersion = 12.0.21005.1
MinimumVisualStudioVersion = 10.0.40219.1
Project("{9092AA53-FB77-4645-B42D-1CCCA6BD08BD}") = "Politicando", "Politicando\Politicando.njsproj", "{2DC1A56B-51F0-427A-9BB8-39D9EE906561}"
EndProject
Global
	GlobalSection(SolutionConfigurationPlatforms) = preSolution
		Debug|Any CPU = Debug|Any CPU
		Release|Any CPU = Release|Any CPU
	EndGlobalSection
	GlobalSection(ProjectConfigurationPlatforms) = postSolution
		{2DC1A56B-51F0-427A-9BB8-39D9EE906561}.Debug|Any CPU.ActiveCfg = Debug|Any CPU
		{2DC1A56B-51F0-427A-9BB8-39D9EE906561}.Debug|Any CPU.Build.0 = Debug|Any CPU
		{2DC1A56B-51F0-427A-9BB8-39D9EE906561}.Release|Any CPU.ActiveCfg = Release|Any CPU
		{2DC1A56B-51F0-427A-9BB8-39D9EE906561}.Release|Any CPU.Build.0 = Release|Any CPU
	EndGlobalSection
	GlobalSection(SolutionProperties) = preSolution
		HideSolutionNode = FALSE
	EndGlobalSection
EndGlobal
